[root]
name = "phonewords"
version = "0.0.8-3"
dependencies = [
 "clippy 0.0.4 (git+https://github.com/Manishearth/rust-clippy)",
 "itertools 0.3.9 (registry+https://github.com/rust-lang/crates.io-index)",
]

[[package]]
name = "clippy"
version = "0.0.4"
source = "git+https://github.com/Manishearth/rust-clippy#240d9716d89df4dcf7247b6fa6a6b1976ef78fb2"

[[package]]
name = "itertools"
version = "0.3.9"
source = "registry+https://github.com/rust-lang/crates.io-index"

